<Solution>
  <Folder Name="/Solution Items/">
    <File Path=".gitignore" />
  </Folder>
  <Project Path="InventorySystem.API/InventorySystem.API.csproj" Id="d7ee6dc4-111b-45a7-8c2a-79508c5af2e5" />
  <Project Path="InventorySystem.Common/InventorySystem.Common.csproj" Id="6a3a1b0a-0f42-47ec-8a65-4e0319d1ba4d" />
  <Project Path="InventorySystem.Core/InventorySystem.Core.csproj" Id="38190bd4-8f8c-4963-99c1-3f76a1897f10" />
  <Project Path="InventorySystem.Infrastructure/InventorySystem.Service.csproj" Id="cd145a30-84aa-4e2c-ba37-2dfe98d0c5cf" />
  <Project Path="InventorySystem.React/inventorysystem.react.client/inventorysystem.react.client.esproj">
    <Build />
    <Deploy />
  </Project>
</Solution>
